
Microsoft Visual Studio Solution File, Format Version 12.00
# Visual Studio Version 17
VisualStudioVersion = 17.7.34003.232
MinimumVisualStudioVersion = 10.0.40219.1
Project("{9A19103F-16F7-4668-BE54-9A1E7A4F7556}") = "Game.Server", "Game.Server\Game.Server.csproj", "{C067FD35-3550-4D20-B331-0095018B1438}"
EndProject
Project("{9A19103F-16F7-4668-BE54-9A1E7A4F7556}") = "Game.Client", "Game.Client\Game.Client.csproj", "{F78A1C0D-78A9-471F-9CC1-49FD43A283AD}"
EndProject
Project("{9A19103F-16F7-4668-BE54-9A1E7A4F7556}") = "Game.DataAccess", "Game.DataAccess\Game.DataAccess.csproj", "{913AE148-4ADC-4A00-A1B1-00EBE0EDDFE6}"
EndProject
Project("{9A19103F-16F7-4668-BE54-9A1E7A4F7556}") = "Game.BusinessLogicLayer", "Game.BusinessLogicLayer\Game.BusinessLogicLayer.csproj", "{4BE86929-5419-4B9E-AF54-08441FA4427E}"
EndProject
Project("{9A19103F-16F7-4668-BE54-9A1E7A4F7556}") = "Game.Shared", "Game.Shared\Game.Shared.csproj", "{926EE165-FDB1-43C5-860A-8F1D61258989}"
EndProject
Global
	GlobalSection(SolutionConfigurationPlatforms) = preSolution
		Debug|Any CPU = Debug|Any CPU
		Release|Any CPU = Release|Any CPU
	EndGlobalSection
	GlobalSection(ProjectConfigurationPlatforms) = postSolution
		{C067FD35-3550-4D20-B331-0095018B1438}.Debug|Any CPU.ActiveCfg = Debug|Any CPU
		{C067FD35-3550-4D20-B331-0095018B1438}.Debug|Any CPU.Build.0 = Debug|Any CPU
		{C067FD35-3550-4D20-B331-0095018B1438}.Release|Any CPU.ActiveCfg = Release|Any CPU
		{C067FD35-3550-4D20-B331-0095018B1438}.Release|Any CPU.Build.0 = Release|Any CPU
		{F78A1C0D-78A9-471F-9CC1-49FD43A283AD}.Debug|Any CPU.ActiveCfg = Debug|Any CPU
		{F78A1C0D-78A9-471F-9CC1-49FD43A283AD}.Debug|Any CPU.Build.0 = Debug|Any CPU
		{F78A1C0D-78A9-471F-9CC1-49FD43A283AD}.Release|Any CPU.ActiveCfg = Release|Any CPU
		{F78A1C0D-78A9-471F-9CC1-49FD43A283AD}.Release|Any CPU.Build.0 = Release|Any CPU
		{913AE148-4ADC-4A00-A1B1-00EBE0EDDFE6}.Debug|Any CPU.ActiveCfg = Debug|Any CPU
		{913AE148-4ADC-4A00-A1B1-00EBE0EDDFE6}.Debug|Any CPU.Build.0 = Debug|Any CPU
		{913AE148-4ADC-4A00-A1B1-00EBE0EDDFE6}.Release|Any CPU.ActiveCfg = Release|Any CPU
		{913AE148-4ADC-4A00-A1B1-00EBE0EDDFE6}.Release|Any CPU.Build.0 = Release|Any CPU
		{4BE86929-5419-4B9E-AF54-08441FA4427E}.Debug|Any CPU.ActiveCfg = Debug|Any CPU
		{4BE86929-5419-4B9E-AF54-08441FA4427E}.Debug|Any CPU.Build.0 = Debug|Any CPU
		{4BE86929-5419-4B9E-AF54-08441FA4427E}.Release|Any CPU.ActiveCfg = Release|Any CPU
		{4BE86929-5419-4B9E-AF54-08441FA4427E}.Release|Any CPU.Build.0 = Release|Any CPU
		{926EE165-FDB1-43C5-860A-8F1D61258989}.Debug|Any CPU.ActiveCfg = Debug|Any CPU
		{926EE165-FDB1-43C5-860A-8F1D61258989}.Debug|Any CPU.Build.0 = Debug|Any CPU
		{926EE165-FDB1-43C5-860A-8F1D61258989}.Release|Any CPU.ActiveCfg = Release|Any CPU
		{926EE165-FDB1-43C5-860A-8F1D61258989}.Release|Any CPU.Build.0 = Release|Any CPU
	EndGlobalSection
	GlobalSection(SolutionProperties) = preSolution
		HideSolutionNode = FALSE
	EndGlobalSection
	GlobalSection(ExtensibilityGlobals) = postSolution
		SolutionGuid = {96C25DC9-C542-4786-99CA-781A1383BEA0}
	EndGlobalSection
EndGlobal
